
Microsoft Visual Studio Solution File, Format Version 12.00
Project("{FAE04EC0-301F-11D3-BF4B-00C04F79EFBC}") = "Drammer.Common", "src\Drammer.Common\Drammer.Common.csproj", "{DDC1C055-8B14-4705-9D10-9E1ABF8204BD}"
EndProject
Project("{2150E333-8FDC-42A3-9474-1A3956D46DE8}") = "SolutionItems", "SolutionItems", "{39505083-FBD1-41DC-9A99-5E7B2665318D}"
	ProjectSection(SolutionItems) = preProject
		.gitignore = .gitignore
		README.md = README.md
		SECURITY.md = SECURITY.md
		icon.png = icon.png
	EndProjectSection
EndProject
Project("{2150E333-8FDC-42A3-9474-1A3956D46DE8}") = "Src", "Src", "{4756F1CD-C5D0-4915-A3ED-38252165EE45}"
EndProject
Project("{2150E333-8FDC-42A3-9474-1A3956D46DE8}") = "Tests", "Tests", "{849E765C-87CD-40F7-8FB7-661BC0009ACD}"
EndProject
Project("{FAE04EC0-301F-11D3-BF4B-00C04F79EFBC}") = "Drammer.Common.Tests", "src\Drammer.Common.Tests\Drammer.Common.Tests.csproj", "{1486B55C-89CD-4D86-8F29-BF8A4C443D11}"
EndProject
Global
	GlobalSection(SolutionConfigurationPlatforms) = preSolution
		Debug|Any CPU = Debug|Any CPU
		Release|Any CPU = Release|Any CPU
	EndGlobalSection
	GlobalSection(ProjectConfigurationPlatforms) = postSolution
		{DDC1C055-8B14-4705-9D10-9E1ABF8204BD}.Debug|Any CPU.ActiveCfg = Debug|Any CPU
		{DDC1C055-8B14-4705-9D10-9E1ABF8204BD}.Debug|Any CPU.Build.0 = Debug|Any CPU
		{DDC1C055-8B14-4705-9D10-9E1ABF8204BD}.Release|Any CPU.ActiveCfg = Release|Any CPU
		{DDC1C055-8B14-4705-9D10-9E1ABF8204BD}.Release|Any CPU.Build.0 = Release|Any CPU
		{1486B55C-89CD-4D86-8F29-BF8A4C443D11}.Debug|Any CPU.ActiveCfg = Debug|Any CPU
		{1486B55C-89CD-4D86-8F29-BF8A4C443D11}.Debug|Any CPU.Build.0 = Debug|Any CPU
		{1486B55C-89CD-4D86-8F29-BF8A4C443D11}.Release|Any CPU.ActiveCfg = Release|Any CPU
		{1486B55C-89CD-4D86-8F29-BF8A4C443D11}.Release|Any CPU.Build.0 = Release|Any CPU
	EndGlobalSection
	GlobalSection(NestedProjects) = preSolution
		{DDC1C055-8B14-4705-9D10-9E1ABF8204BD} = {4756F1CD-C5D0-4915-A3ED-38252165EE45}
		{1486B55C-89CD-4D86-8F29-BF8A4C443D11} = {849E765C-87CD-40F7-8FB7-661BC0009ACD}
	EndGlobalSection
EndGlobal
